
Microsoft Visual Studio Solution File, Format Version 12.00
# Visual Studio Version 17
VisualStudioVersion = 17.6.33801.468
MinimumVisualStudioVersion = 10.0.40219.1
Project("{9A19103F-16F7-4668-BE54-9A1E7A4F7556}") = "Teledoc.Application", "Teledoс.Application\Teledoc.Application.csproj", "{088B2587-5A4C-452E-B0EC-720549386D94}"
EndProject
Project("{9A19103F-16F7-4668-BE54-9A1E7A4F7556}") = "Teledoc.Domain", "Teledoс.Domain\Teledoc.Domain.csproj", "{CCEABF5E-3220-433E-9188-88BC996B8545}"
EndProject
Project("{9A19103F-16F7-4668-BE54-9A1E7A4F7556}") = "Teledoc.Mvc", "TeledoсApp\Teledoc.Mvc.csproj", "{167586BE-7D8A-430E-B508-8E81FB14BEC1}"
EndProject
Project("{FAE04EC0-301F-11D3-BF4B-00C04F79EFBC}") = "Teledoc.Database", "Teledoc.Database\Teledoc.Database.csproj", "{EFC577FD-5B6C-4B8E-8C0A-A062D30272B1}"
EndProject
Global
	GlobalSection(SolutionConfigurationPlatforms) = preSolution
		Debug|Any CPU = Debug|Any CPU
		Release|Any CPU = Release|Any CPU
	EndGlobalSection
	GlobalSection(ProjectConfigurationPlatforms) = postSolution
		{088B2587-5A4C-452E-B0EC-720549386D94}.Debug|Any CPU.ActiveCfg = Debug|Any CPU
		{088B2587-5A4C-452E-B0EC-720549386D94}.Debug|Any CPU.Build.0 = Debug|Any CPU
		{088B2587-5A4C-452E-B0EC-720549386D94}.Release|Any CPU.ActiveCfg = Release|Any CPU
		{088B2587-5A4C-452E-B0EC-720549386D94}.Release|Any CPU.Build.0 = Release|Any CPU
		{CCEABF5E-3220-433E-9188-88BC996B8545}.Debug|Any CPU.ActiveCfg = Debug|Any CPU
		{CCEABF5E-3220-433E-9188-88BC996B8545}.Debug|Any CPU.Build.0 = Debug|Any CPU
		{CCEABF5E-3220-433E-9188-88BC996B8545}.Release|Any CPU.ActiveCfg = Release|Any CPU
		{CCEABF5E-3220-433E-9188-88BC996B8545}.Release|Any CPU.Build.0 = Release|Any CPU
		{167586BE-7D8A-430E-B508-8E81FB14BEC1}.Debug|Any CPU.ActiveCfg = Debug|Any CPU
		{167586BE-7D8A-430E-B508-8E81FB14BEC1}.Debug|Any CPU.Build.0 = Debug|Any CPU
		{167586BE-7D8A-430E-B508-8E81FB14BEC1}.Release|Any CPU.ActiveCfg = Release|Any CPU
		{167586BE-7D8A-430E-B508-8E81FB14BEC1}.Release|Any CPU.Build.0 = Release|Any CPU
		{EFC577FD-5B6C-4B8E-8C0A-A062D30272B1}.Debug|Any CPU.ActiveCfg = Debug|Any CPU
		{EFC577FD-5B6C-4B8E-8C0A-A062D30272B1}.Debug|Any CPU.Build.0 = Debug|Any CPU
		{EFC577FD-5B6C-4B8E-8C0A-A062D30272B1}.Release|Any CPU.ActiveCfg = Release|Any CPU
		{EFC577FD-5B6C-4B8E-8C0A-A062D30272B1}.Release|Any CPU.Build.0 = Release|Any CPU
	EndGlobalSection
	GlobalSection(SolutionProperties) = preSolution
		HideSolutionNode = FALSE
	EndGlobalSection
	GlobalSection(ExtensibilityGlobals) = postSolution
		SolutionGuid = {5BCCF622-3FEC-4632-8891-6BC473A74FA9}
	EndGlobalSection
EndGlobal
